# This file is autogenerated, do not edit; changes may be undone by the next 'dep ensure'.


[[projects]]
  name = "github.com/sger/go-hashdir"
  packages = ["."]
  revision = "697f12057a11fdb56e95e730d844c7db9bb27fb2"
  version = "v0.0.1"

[solve-meta]
  analyzer-name = "dep"
  analyzer-version = 1
  inputs-digest = "cb2c271cd3ef257e1bbe09fca39a10f049007b6c9847bfd41a86385c470bddad"
  solver-name = "gps-cdcl"
  solver-version = 1
